{
  "nodes": {
    "crane": {
      "locked": {
        "lastModified": 1757183466,
        "narHash": "sha256-kTdCCMuRE+/HNHES5JYsbRHmgtr+l9mOtf5dpcMppVc=",
        "owner": "ipetkov",
        "repo": "crane",
        "rev": "d599ae4847e7f87603e7082d73ca673aa93c916d",
        "type": "github"
      },
      "original": {
        "owner": "ipetkov",
        "repo": "crane",
        "type": "github"
      }
    },
    "mcman": {
      "inputs": {
        "crane": "crane",
        "nixpkgs": "nixpkgs"
      },
      "locked": {
        "lastModified": 1766962671,
        "narHash": "sha256-n1+76Xuk30JKy4raeU5okeaYZjzDQkS+bBLjX8NGZIg=",
        "owner": "deniz-blue",
        "repo": "mcman",
        "rev": "0e3bef55234406eb0634b80f9cac9a284254768a",
        "type": "github"
      },
      "original": {
        "owner": "deniz-blue",
        "repo": "mcman",
        "type": "github"
      }
    },
    "nixpkgs": {
      "locked": {
        "lastModified": 1757347588,
        "narHash": "sha256-tLdkkC6XnsY9EOZW9TlpesTclELy8W7lL2ClL+nma8o=",
        "owner": "NixOS",
        "repo": "nixpkgs",
        "rev": "b599843bad24621dcaa5ab60dac98f9b0eb1cabe",
        "type": "github"
      },
      "original": {
        "id": "nixpkgs",
        "ref": "nixos-unstable",
        "type": "indirect"
      }
    },
    "nixpkgs_2": {
      "locked": {
        "lastModified": 1766902085,
        "narHash": "sha256-coBu0ONtFzlwwVBzmjacUQwj3G+lybcZ1oeNSQkgC0M=",
        "owner": "nixos",
        "repo": "nixpkgs",
        "rev": "c0b0e0fddf73fd517c3471e546c0df87a42d53f4",
        "type": "github"
      },
      "original": {
        "owner": "nixos",
        "ref": "nixos-unstable",
        "repo": "nixpkgs",
        "type": "github"
      }
    },
    "root": {
      "inputs": {
        "mcman": "mcman",
        "nixpkgs": "nixpkgs_2"
      }
    }
  },
  "root": "root",
  "version": 7
}
